# This file is automatically @generated by Cargo.
# It is not intended for manual editing.
version = 3

[[package]]
name = "deunicode"
version = "0.4.5"
source = "registry+https://github.com/rust-lang/crates.io-index"
checksum = "71dbf1bf89c23e9cd1baf5e654f622872655f195b36588dc9dc38f7eda30758c"
dependencies = [
 "deunicode 1.4.1",
]

[[package]]
name = "deunicode"
version = "1.4.1"
source = "registry+https://github.com/rust-lang/crates.io-index"
checksum = "6a1abaf4d861455be59f64fd2b55606cb151fce304ede7165f410243ce96bde6"

[[package]]
name = "slug"
version = "0.1.4"
source = "registry+https://github.com/rust-lang/crates.io-index"
checksum = "b3bc762e6a4b6c6fcaade73e77f9ebc6991b676f88bb2358bddb56560f073373"
dependencies = [
 "deunicode 0.4.5",
]

[[package]]
name = "transformer"
version = "0.1.0"
dependencies = [
 "slug",
]
